
Microsoft Visual Studio Solution File, Format Version 12.00
# Visual Studio Version 17
VisualStudioVersion = 17.0.31903.59
MinimumVisualStudioVersion = 10.0.40219.1
Project("{FAE04EC0-301F-11D3-BF4B-00C04F79EFBC}") = "ContactList", "ContactList\ContactList.csproj", "{5E071C0F-F57D-4901-BB88-C4520BA3FEE9}"
EndProject
Project("{FAE04EC0-301F-11D3-BF4B-00C04F79EFBC}") = "ContactList.test", "ContactList.test\ContactList.test.csproj", "{974AA38F-9A39-42FD-9950-FB91A5858694}"
EndProject
Global
	GlobalSection(SolutionConfigurationPlatforms) = preSolution
		Debug|Any CPU = Debug|Any CPU
		Release|Any CPU = Release|Any CPU
	EndGlobalSection
	GlobalSection(SolutionProperties) = preSolution
		HideSolutionNode = FALSE
	EndGlobalSection
	GlobalSection(ProjectConfigurationPlatforms) = postSolution
		{5E071C0F-F57D-4901-BB88-C4520BA3FEE9}.Debug|Any CPU.ActiveCfg = Debug|Any CPU
		{5E071C0F-F57D-4901-BB88-C4520BA3FEE9}.Debug|Any CPU.Build.0 = Debug|Any CPU
		{5E071C0F-F57D-4901-BB88-C4520BA3FEE9}.Release|Any CPU.ActiveCfg = Release|Any CPU
		{5E071C0F-F57D-4901-BB88-C4520BA3FEE9}.Release|Any CPU.Build.0 = Release|Any CPU
		{974AA38F-9A39-42FD-9950-FB91A5858694}.Debug|Any CPU.ActiveCfg = Debug|Any CPU
		{974AA38F-9A39-42FD-9950-FB91A5858694}.Debug|Any CPU.Build.0 = Debug|Any CPU
		{974AA38F-9A39-42FD-9950-FB91A5858694}.Release|Any CPU.ActiveCfg = Release|Any CPU
		{974AA38F-9A39-42FD-9950-FB91A5858694}.Release|Any CPU.Build.0 = Release|Any CPU
	EndGlobalSection
EndGlobal
